
Microsoft Visual Studio Solution File, Format Version 12.00
# Visual Studio Version 17
VisualStudioVersion = 17.8.34330.188
MinimumVisualStudioVersion = 10.0.40219.1
Project("{FAE04EC0-301F-11D3-BF4B-00C04F79EFBC}") = "Accounting", "Accounting\Accounting.csproj", "{2655DB76-3D0A-4A2C-890F-5840FF7F1CB4}"
EndProject
Project("{FAE04EC0-301F-11D3-BF4B-00C04F79EFBC}") = "Accounting.Domain", "Accounting.Domain\Accounting.Domain.csproj", "{50B3ABA0-9653-406E-912A-FF5096541228}"
EndProject
Project("{FAE04EC0-301F-11D3-BF4B-00C04F79EFBC}") = "Accounting.Persistence", "Accounting.Persistence\Accounting.Persistence.csproj", "{FDF46ED2-3B44-4C67-B1D0-7319DFE6C56B}"
EndProject
Project("{FAE04EC0-301F-11D3-BF4B-00C04F79EFBC}") = "Accounting.Application", "Accounting.Application\Accounting.Application.csproj", "{81FF4E0C-4828-46D7-BD7B-8B7F84E52729}"
EndProject
Project("{FAE04EC0-301F-11D3-BF4B-00C04F79EFBC}") = "Accounting.Common", "Accounting.Common\Accounting.Common.csproj", "{ECF7F67E-E548-4775-8745-C7843066E661}"
EndProject
Global
	GlobalSection(SolutionConfigurationPlatforms) = preSolution
		Debug|Any CPU = Debug|Any CPU
		Release|Any CPU = Release|Any CPU
	EndGlobalSection
	GlobalSection(ProjectConfigurationPlatforms) = postSolution
		{2655DB76-3D0A-4A2C-890F-5840FF7F1CB4}.Debug|Any CPU.ActiveCfg = Debug|Any CPU
		{2655DB76-3D0A-4A2C-890F-5840FF7F1CB4}.Debug|Any CPU.Build.0 = Debug|Any CPU
		{2655DB76-3D0A-4A2C-890F-5840FF7F1CB4}.Release|Any CPU.ActiveCfg = Release|Any CPU
		{2655DB76-3D0A-4A2C-890F-5840FF7F1CB4}.Release|Any CPU.Build.0 = Release|Any CPU
		{50B3ABA0-9653-406E-912A-FF5096541228}.Debug|Any CPU.ActiveCfg = Debug|Any CPU
		{50B3ABA0-9653-406E-912A-FF5096541228}.Debug|Any CPU.Build.0 = Debug|Any CPU
		{50B3ABA0-9653-406E-912A-FF5096541228}.Release|Any CPU.ActiveCfg = Release|Any CPU
		{50B3ABA0-9653-406E-912A-FF5096541228}.Release|Any CPU.Build.0 = Release|Any CPU
		{FDF46ED2-3B44-4C67-B1D0-7319DFE6C56B}.Debug|Any CPU.ActiveCfg = Debug|Any CPU
		{FDF46ED2-3B44-4C67-B1D0-7319DFE6C56B}.Debug|Any CPU.Build.0 = Debug|Any CPU
		{FDF46ED2-3B44-4C67-B1D0-7319DFE6C56B}.Release|Any CPU.ActiveCfg = Release|Any CPU
		{FDF46ED2-3B44-4C67-B1D0-7319DFE6C56B}.Release|Any CPU.Build.0 = Release|Any CPU
		{81FF4E0C-4828-46D7-BD7B-8B7F84E52729}.Debug|Any CPU.ActiveCfg = Debug|Any CPU
		{81FF4E0C-4828-46D7-BD7B-8B7F84E52729}.Debug|Any CPU.Build.0 = Debug|Any CPU
		{81FF4E0C-4828-46D7-BD7B-8B7F84E52729}.Release|Any CPU.ActiveCfg = Release|Any CPU
		{81FF4E0C-4828-46D7-BD7B-8B7F84E52729}.Release|Any CPU.Build.0 = Release|Any CPU
		{ECF7F67E-E548-4775-8745-C7843066E661}.Debug|Any CPU.ActiveCfg = Debug|Any CPU
		{ECF7F67E-E548-4775-8745-C7843066E661}.Debug|Any CPU.Build.0 = Debug|Any CPU
		{ECF7F67E-E548-4775-8745-C7843066E661}.Release|Any CPU.ActiveCfg = Release|Any CPU
		{ECF7F67E-E548-4775-8745-C7843066E661}.Release|Any CPU.Build.0 = Release|Any CPU
	EndGlobalSection
	GlobalSection(SolutionProperties) = preSolution
		HideSolutionNode = FALSE
	EndGlobalSection
	GlobalSection(ExtensibilityGlobals) = postSolution
		SolutionGuid = {7A7DD123-C95A-4CF6-BEBB-295FB00A38D2}
	EndGlobalSection
EndGlobal
